
Microsoft Visual Studio Solution File, Format Version 12.00
# Visual Studio 15
VisualStudioVersion = 15.0.26124.0
MinimumVisualStudioVersion = 15.0.26124.0
Project("{FAE04EC0-301F-11D3-BF4B-00C04F79EFBC}") = "PasswordValidator", "PasswordValidator\PasswordValidator.csproj", "{DA077C18-A518-437F-8370-1A1226262776}"
EndProject
Project("{FAE04EC0-301F-11D3-BF4B-00C04F79EFBC}") = "PasswordValidatorTests", "PasswordValidatorTests\PasswordValidatorTests.csproj", "{40E27E18-3148-456E-BBA3-34A1B1C5F871}"
EndProject
Global
	GlobalSection(SolutionConfigurationPlatforms) = preSolution
		Debug|Any CPU = Debug|Any CPU
		Debug|x64 = Debug|x64
		Debug|x86 = Debug|x86
		Release|Any CPU = Release|Any CPU
		Release|x64 = Release|x64
		Release|x86 = Release|x86
	EndGlobalSection
	GlobalSection(SolutionProperties) = preSolution
		HideSolutionNode = FALSE
	EndGlobalSection
	GlobalSection(ProjectConfigurationPlatforms) = postSolution
		{DA077C18-A518-437F-8370-1A1226262776}.Debug|Any CPU.ActiveCfg = Debug|Any CPU
		{DA077C18-A518-437F-8370-1A1226262776}.Debug|Any CPU.Build.0 = Debug|Any CPU
		{DA077C18-A518-437F-8370-1A1226262776}.Debug|x64.ActiveCfg = Debug|Any CPU
		{DA077C18-A518-437F-8370-1A1226262776}.Debug|x64.Build.0 = Debug|Any CPU
		{DA077C18-A518-437F-8370-1A1226262776}.Debug|x86.ActiveCfg = Debug|Any CPU
		{DA077C18-A518-437F-8370-1A1226262776}.Debug|x86.Build.0 = Debug|Any CPU
		{DA077C18-A518-437F-8370-1A1226262776}.Release|Any CPU.ActiveCfg = Release|Any CPU
		{DA077C18-A518-437F-8370-1A1226262776}.Release|Any CPU.Build.0 = Release|Any CPU
		{DA077C18-A518-437F-8370-1A1226262776}.Release|x64.ActiveCfg = Release|Any CPU
		{DA077C18-A518-437F-8370-1A1226262776}.Release|x64.Build.0 = Release|Any CPU
		{DA077C18-A518-437F-8370-1A1226262776}.Release|x86.ActiveCfg = Release|Any CPU
		{DA077C18-A518-437F-8370-1A1226262776}.Release|x86.Build.0 = Release|Any CPU
		{40E27E18-3148-456E-BBA3-34A1B1C5F871}.Debug|Any CPU.ActiveCfg = Debug|Any CPU
		{40E27E18-3148-456E-BBA3-34A1B1C5F871}.Debug|Any CPU.Build.0 = Debug|Any CPU
		{40E27E18-3148-456E-BBA3-34A1B1C5F871}.Debug|x64.ActiveCfg = Debug|Any CPU
		{40E27E18-3148-456E-BBA3-34A1B1C5F871}.Debug|x64.Build.0 = Debug|Any CPU
		{40E27E18-3148-456E-BBA3-34A1B1C5F871}.Debug|x86.ActiveCfg = Debug|Any CPU
		{40E27E18-3148-456E-BBA3-34A1B1C5F871}.Debug|x86.Build.0 = Debug|Any CPU
		{40E27E18-3148-456E-BBA3-34A1B1C5F871}.Release|Any CPU.ActiveCfg = Release|Any CPU
		{40E27E18-3148-456E-BBA3-34A1B1C5F871}.Release|Any CPU.Build.0 = Release|Any CPU
		{40E27E18-3148-456E-BBA3-34A1B1C5F871}.Release|x64.ActiveCfg = Release|Any CPU
		{40E27E18-3148-456E-BBA3-34A1B1C5F871}.Release|x64.Build.0 = Release|Any CPU
		{40E27E18-3148-456E-BBA3-34A1B1C5F871}.Release|x86.ActiveCfg = Release|Any CPU
		{40E27E18-3148-456E-BBA3-34A1B1C5F871}.Release|x86.Build.0 = Release|Any CPU
	EndGlobalSection
EndGlobal
